
Microsoft Visual Studio Solution File, Format Version 12.00
# Visual Studio Version 17
VisualStudioVersion = 17.1.31911.260
MinimumVisualStudioVersion = 10.0.40219.1
Project("{FAE04EC0-301F-11D3-BF4B-00C04F79EFBC}") = "BranchingPractice", "BranchingPractice\BranchingPractice.csproj", "{AF28706C-48A4-4629-8908-DB571556EADC}"
EndProject
Global
	GlobalSection(SolutionConfigurationPlatforms) = preSolution
		Debug|Any CPU = Debug|Any CPU
		Release|Any CPU = Release|Any CPU
	EndGlobalSection
	GlobalSection(ProjectConfigurationPlatforms) = postSolution
		{AF28706C-48A4-4629-8908-DB571556EADC}.Debug|Any CPU.ActiveCfg = Debug|Any CPU
		{AF28706C-48A4-4629-8908-DB571556EADC}.Debug|Any CPU.Build.0 = Debug|Any CPU
		{AF28706C-48A4-4629-8908-DB571556EADC}.Release|Any CPU.ActiveCfg = Release|Any CPU
		{AF28706C-48A4-4629-8908-DB571556EADC}.Release|Any CPU.Build.0 = Release|Any CPU
	EndGlobalSection
	GlobalSection(SolutionProperties) = preSolution
		HideSolutionNode = FALSE
	EndGlobalSection
	GlobalSection(ExtensibilityGlobals) = postSolution
		SolutionGuid = {5DA4A022-D539-41F4-BDCC-CEDC612766F4}
	EndGlobalSection
EndGlobal
